{
  "name": "attractors-newtab",
  "version": "1.0.0",
  "lockfileVersion": 1,
  "requires": true,
  "dependencies": {
    "attractors": {
      "version": "1.0.0",
      "resolved": "https://registry.npmjs.org/attractors/-/attractors-1.0.0.tgz",
      "integrity": "sha512-x+bnmmRyqbv5tQ9PBvsENgYbUtybrDHSDE46PO8bRxReUMxgtnv8dwUJI0HXCXYQ7kYGa5kWy5nfB7N6YM7FXw=="
    }
  }
}
